
Microsoft Visual Studio Solution File, Format Version 12.00
# Visual Studio Version 17
VisualStudioVersion = 17.14.36221.1 d17.14
MinimumVisualStudioVersion = 10.0.40219.1
Project("{FAE04EC0-301F-11D3-BF4B-00C04F79EFBC}") = "ConsoleEmployeeBase", "ConsoleEmployeeBase\ConsoleEmployeeBase.csproj", "{63F18B05-EC43-4F2C-9C79-9DE1C49F0663}"
EndProject
Global
	GlobalSection(SolutionConfigurationPlatforms) = preSolution
		Debug|Any CPU = Debug|Any CPU
		Release|Any CPU = Release|Any CPU
	EndGlobalSection
	GlobalSection(ProjectConfigurationPlatforms) = postSolution
		{63F18B05-EC43-4F2C-9C79-9DE1C49F0663}.Debug|Any CPU.ActiveCfg = Debug|Any CPU
		{63F18B05-EC43-4F2C-9C79-9DE1C49F0663}.Debug|Any CPU.Build.0 = Debug|Any CPU
		{63F18B05-EC43-4F2C-9C79-9DE1C49F0663}.Release|Any CPU.ActiveCfg = Release|Any CPU
		{63F18B05-EC43-4F2C-9C79-9DE1C49F0663}.Release|Any CPU.Build.0 = Release|Any CPU
	EndGlobalSection
	GlobalSection(SolutionProperties) = preSolution
		HideSolutionNode = FALSE
	EndGlobalSection
	GlobalSection(ExtensibilityGlobals) = postSolution
		SolutionGuid = {4C41482D-D771-4EED-8C1C-4CB034A9A573}
	EndGlobalSection
EndGlobal
